// !$*UTF8*$!
{
	archiveVersion = 1;
	classes = {
	};
	objectVersion = 46;
	objects = {

/* Begin PBXBuildFile section */
		84ABD5E21C795578008FBB89 /* main.cpp in Sources */ = {isa = PBXBuildFile; fileRef = 84ABD5E11C795578008FBB89 /* main.cpp */; };
		84ABD5FC1C795BF7008FBB89 /* banner.cpp in Sources */ = {isa = PBXBuildFile; fileRef = 84ABD5E91C795BF7008FBB89 /* banner.cpp */; };
		84ABD5FD1C795BF7008FBB89 /* bullet.cpp in Sources */ = {isa = PBXBuildFile; fileRef = 84ABD5EB1C795BF7008FBB89 /* bullet.cpp */; };
		84ABD5FE1C795BF7008FBB89 /* frame.cpp in Sources */ = {isa = PBXBuildFile; fileRef = 84ABD5ED1C795BF7008FBB89 /* frame.cpp */; };
		84ABD5FF1C795BF7008FBB89 /* item.cpp in Sources */ = {isa = PBXBuildFile; fileRef = 84ABD5EE1C795BF7008FBB89 /* item.cpp */; };
		84ABD6001C795BF7008FBB89 /* pigeon.cpp in Sources */ = {isa = PBXBuildFile; fileRef = 84ABD5F01C795BF7008FBB89 /* pigeon.cpp */; };
		84ABD6011C795BF7008FBB89 /* point.cpp in Sources */ = {isa = PBXBuildFile; fileRef = 84ABD5F21C795BF7008FBB89 /* point.cpp */; };
		84ABD6021C795BF7008FBB89 /* rifle.cpp in Sources */ = {isa = PBXBuildFile; fileRef = 84ABD5F41C795BF7008FBB89 /* rifle.cpp */; };
		84ABD6031C795BF7008FBB89 /* uiDraw.cpp in Sources */ = {isa = PBXBuildFile; fileRef = 84ABD5F61C795BF7008FBB89 /* uiDraw.cpp */; };
		84ABD6041C795BF7008FBB89 /* uiInteract.cpp in Sources */ = {isa = PBXBuildFile; fileRef = 84ABD5F81C795BF7008FBB89 /* uiInteract.cpp */; };
		84ABD6051C795BF7008FBB89 /* velocity.cpp in Sources */ = {isa = PBXBuildFile; fileRef = 84ABD5FA1C795BF7008FBB89 /* velocity.cpp */; };
		84ABD6081C795D12008FBB89 /* GLUT.framework in Frameworks */ = {isa = PBXBuildFile; fileRef = 84ABD6061C795D12008FBB89 /* GLUT.framework */; };
		84ABD6091C795D12008FBB89 /* OpenGL.framework in Frameworks */ = {isa = PBXBuildFile; fileRef = 84ABD6071C795D12008FBB89 /* OpenGL.framework */; };
/* End PBXBuildFile section */

/* Begin PBXCopyFilesBuildPhase section */
		84ABD5DC1C795578008FBB89 /* CopyFiles */ = {
			isa = PBXCopyFilesBuildPhase;
			buildActionMask = 2147483647;
			dstPath = /usr/share/man/man1/;
			dstSubfolderSpec = 0;
			files = (
			);
			runOnlyForDeploymentPostprocessing = 1;
		};
/* End PBXCopyFilesBuildPhase section */

/* Begin PBXFileReference section */
		84ABD5DE1C795578008FBB89 /* skeet2 */ = {isa = PBXFileReference; explicitFileType = "compiled.mach-o.executable"; includeInIndex = 0; path = skeet2; sourceTree = BUILT_PRODUCTS_DIR; };
		84ABD5E11C795578008FBB89 /* main.cpp */ = {isa = PBXFileReference; lastKnownFileType = sourcecode.cpp.cpp; path = main.cpp; sourceTree = "<group>"; };
		84ABD5E81C795BF7008FBB89 /* frame.h */ = {isa = PBXFileReference; fileEncoding = 4; lastKnownFileType = sourcecode.c.h; path = frame.h; sourceTree = "<group>"; };
		84ABD5E91C795BF7008FBB89 /* banner.cpp */ = {isa = PBXFileReference; fileEncoding = 4; lastKnownFileType = sourcecode.cpp.cpp; path = banner.cpp; sourceTree = "<group>"; };
		84ABD5EA1C795BF7008FBB89 /* banner.h */ = {isa = PBXFileReference; fileEncoding = 4; lastKnownFileType = sourcecode.c.h; path = banner.h; sourceTree = "<group>"; };
		84ABD5EB1C795BF7008FBB89 /* bullet.cpp */ = {isa = PBXFileReference; fileEncoding = 4; lastKnownFileType = sourcecode.cpp.cpp; path = bullet.cpp; sourceTree = "<group>"; };
		84ABD5EC1C795BF7008FBB89 /* bullet.h */ = {isa = PBXFileReference; fileEncoding = 4; lastKnownFileType = sourcecode.c.h; path = bullet.h; sourceTree = "<group>"; };
		84ABD5ED1C795BF7008FBB89 /* frame.cpp */ = {isa = PBXFileReference; fileEncoding = 4; lastKnownFileType = sourcecode.cpp.cpp; path = frame.cpp; sourceTree = "<group>"; };
		84ABD5EE1C795BF7008FBB89 /* item.cpp */ = {isa = PBXFileReference; fileEncoding = 4; lastKnownFileType = sourcecode.cpp.cpp; path = item.cpp; sourceTree = "<group>"; };
		84ABD5EF1C795BF7008FBB89 /* item.h */ = {isa = PBXFileReference; fileEncoding = 4; lastKnownFileType = sourcecode.c.h; path = item.h; sourceTree = "<group>"; };
		84ABD5F01C795BF7008FBB89 /* pigeon.cpp */ = {isa = PBXFileReference; fileEncoding = 4; lastKnownFileType = sourcecode.cpp.cpp; path = pigeon.cpp; sourceTree = "<group>"; };
		84ABD5F11C795BF7008FBB89 /* pigeon.h */ = {isa = PBXFileReference; fileEncoding = 4; lastKnownFileType = sourcecode.c.h; path = pigeon.h; sourceTree = "<group>"; };
		84ABD5F21C795BF7008FBB89 /* point.cpp */ = {isa = PBXFileReference; fileEncoding = 4; lastKnownFileType = sourcecode.cpp.cpp; path = point.cpp; sourceTree = "<group>"; };
		84ABD5F31C795BF7008FBB89 /* point.h */ = {isa = PBXFileReference; fileEncoding = 4; lastKnownFileType = sourcecode.c.h; path = point.h; sourceTree = "<group>"; };
		84ABD5F41C795BF7008FBB89 /* rifle.cpp */ = {isa = PBXFileReference; fileEncoding = 4; lastKnownFileType = sourcecode.cpp.cpp; path = rifle.cpp; sourceTree = "<group>"; };
		84ABD5F51C795BF7008FBB89 /* rifle.h */ = {isa = PBXFileReference; fileEncoding = 4; lastKnownFileType = sourcecode.c.h; path = rifle.h; sourceTree = "<group>"; };
		84ABD5F61C795BF7008FBB89 /* uiDraw.cpp */ = {isa = PBXFileReference; fileEncoding = 4; lastKnownFileType = sourcecode.cpp.cpp; path = uiDraw.cpp; sourceTree = "<group>"; };
		84ABD5F71C795BF7008FBB89 /* uiDraw.h */ = {isa = PBXFileReference; fileEncoding = 4; lastKnownFileType = sourcecode.c.h; path = uiDraw.h; sourceTree = "<group>"; };
		84ABD5F81C795BF7008FBB89 /* uiInteract.cpp */ = {isa = PBXFileReference; fileEncoding = 4; lastKnownFileType = sourcecode.cpp.cpp; path = uiInteract.cpp; sourceTree = "<group>"; };
		84ABD5F91C795BF7008FBB89 /* uiInteract.h */ = {isa = PBXFileReference; fileEncoding = 4; lastKnownFileType = sourcecode.c.h; path = uiInteract.h; sourceTree = "<group>"; };
		84ABD5FA1C795BF7008FBB89 /* velocity.cpp */ = {isa = PBXFileReference; fileEncoding = 4; lastKnownFileType = sourcecode.cpp.cpp; path = velocity.cpp; sourceTree = "<group>"; };
		84ABD5FB1C795BF7008FBB89 /* velocity.h */ = {isa = PBXFileReference; fileEncoding = 4; lastKnownFileType = sourcecode.c.h; path = velocity.h; sourceTree = "<group>"; };
		84ABD6061C795D12008FBB89 /* GLUT.framework */ = {isa = PBXFileReference; lastKnownFileType = wrapper.framework; name = GLUT.framework; path = System/Library/Frameworks/GLUT.framework; sourceTree = SDKROOT; };
		84ABD6071C795D12008FBB89 /* OpenGL.framework */ = {isa = PBXFileReference; lastKnownFileType = wrapper.framework; name = OpenGL.framework; path = System/Library/Frameworks/OpenGL.framework; sourceTree = SDKROOT; };
/* End PBXFileReference section */

/* Begin PBXFrameworksBuildPhase section */
		84ABD5DB1C795578008FBB89 /* Frameworks */ = {
			isa = PBXFrameworksBuildPhase;
			buildActionMask = 2147483647;
			files = (
				84ABD6081C795D12008FBB89 /* GLUT.framework in Frameworks */,
				84ABD6091C795D12008FBB89 /* OpenGL.framework in Frameworks */,
			);
			runOnlyForDeploymentPostprocessing = 0;
		};
/* End PBXFrameworksBuildPhase section */

/* Begin PBXGroup section */
		84ABD5D51C795578008FBB89 = {
			isa = PBXGroup;
			children = (
				84ABD6061C795D12008FBB89 /* GLUT.framework */,
				84ABD6071C795D12008FBB89 /* OpenGL.framework */,
				84ABD5E01C795578008FBB89 /* skeet2 */,
				84ABD5DF1C795578008FBB89 /* Products */,
			);
			sourceTree = "<group>";
		};
		84ABD5DF1C795578008FBB89 /* Products */ = {
			isa = PBXGroup;
			children = (
				84ABD5DE1C795578008FBB89 /* skeet2 */,
			);
			name = Products;
			sourceTree = "<group>";
		};
		84ABD5E01C795578008FBB89 /* skeet2 */ = {
			isa = PBXGroup;
			children = (
				84ABD5E81C795BF7008FBB89 /* frame.h */,
				84ABD5E91C795BF7008FBB89 /* banner.cpp */,
				84ABD5EA1C795BF7008FBB89 /* banner.h */,
				84ABD5EB1C795BF7008FBB89 /* bullet.cpp */,
				84ABD5EC1C795BF7008FBB89 /* bullet.h */,
				84ABD5ED1C795BF7008FBB89 /* frame.cpp */,
				84ABD5EE1C795BF7008FBB89 /* item.cpp */,
				84ABD5EF1C795BF7008FBB89 /* item.h */,
				84ABD5F01C795BF7008FBB89 /* pigeon.cpp */,
				84ABD5F11C795BF7008FBB89 /* pigeon.h */,
				84ABD5F21C795BF7008FBB89 /* point.cpp */,
				84ABD5F31C795BF7008FBB89 /* point.h */,
				84ABD5F41C795BF7008FBB89 /* rifle.cpp */,
				84ABD5F51C795BF7008FBB89 /* rifle.h */,
				84ABD5F61C795BF7008FBB89 /* uiDraw.cpp */,
				84ABD5F71C795BF7008FBB89 /* uiDraw.h */,
				84ABD5F81C795BF7008FBB89 /* uiInteract.cpp */,
				84ABD5F91C795BF7008FBB89 /* uiInteract.h */,
				84ABD5FA1C795BF7008FBB89 /* velocity.cpp */,
				84ABD5FB1C795BF7008FBB89 /* velocity.h */,
				84ABD5E11C795578008FBB89 /* main.cpp */,
			);
			path = skeet2;
			sourceTree = "<group>";
		};
/* End PBXGroup section */

/* Begin PBXNativeTarget section */
		84ABD5DD1C795578008FBB89 /* skeet2 */ = {
			isa = PBXNativeTarget;
			buildConfigurationList = 84ABD5E51C795578008FBB89 /* Build configuration list for PBXNativeTarget "skeet2" */;
			buildPhases = (
				84ABD5DA1C795578008FBB89 /* Sources */,
				84ABD5DB1C795578008FBB89 /* Frameworks */,
				84ABD5DC1C795578008FBB89 /* CopyFiles */,
			);
			buildRules = (
			);
			dependencies = (
			);
			name = skeet2;
			productName = skeet2;
			productReference = 84ABD5DE1C795578008FBB89 /* skeet2 */;
			productType = "com.apple.product-type.tool";
		};
/* End PBXNativeTarget section */

/* Begin PBXProject section */
		84ABD5D61C795578008FBB89 /* Project object */ = {
			isa = PBXProject;
			attributes = {
				LastUpgradeCheck = 0720;
				ORGANIZATIONNAME = BYU;
				TargetAttributes = {
					84ABD5DD1C795578008FBB89 = {
						CreatedOnToolsVersion = 7.2.1;
					};
				};
			};
			buildConfigurationList = 84ABD5D91C795578008FBB89 /* Build configuration list for PBXProject "skeet2" */;
			compatibilityVersion = "Xcode 3.2";
			developmentRegion = English;
			hasScannedForEncodings = 0;
			knownRegions = (
				en,
			);
			mainGroup = 84ABD5D51C795578008FBB89;
			productRefGroup = 84ABD5DF1C795578008FBB89 /* Products */;
			projectDirPath = "";
			projectRoot = "";
			targets = (
				84ABD5DD1C795578008FBB89 /* skeet2 */,
			);
		};
/* End PBXProject section */

/* Begin PBXSourcesBuildPhase section */
		84ABD5DA1C795578008FBB89 /* Sources */ = {
			isa = PBXSourcesBuildPhase;
			buildActionMask = 2147483647;
			files = (
				84ABD5E21C795578008FBB89 /* main.cpp in Sources */,
				84ABD5FE1C795BF7008FBB89 /* frame.cpp in Sources */,
				84ABD6031C795BF7008FBB89 /* uiDraw.cpp in Sources */,
				84ABD6051C795BF7008FBB89 /* velocity.cpp in Sources */,
				84ABD6011C795BF7008FBB89 /* point.cpp in Sources */,
				84ABD5FD1C795BF7008FBB89 /* bullet.cpp in Sources */,
				84ABD6041C795BF7008FBB89 /* uiInteract.cpp in Sources */,
				84ABD6021C795BF7008FBB89 /* rifle.cpp in Sources */,
				84ABD5FF1C795BF7008FBB89 /* item.cpp in Sources */,
				84ABD5FC1C795BF7008FBB89 /* banner.cpp in Sources */,
				84ABD6001C795BF7008FBB89 /* pigeon.cpp in Sources */,
			);
			runOnlyForDeploymentPostprocessing = 0;
		};
/* End PBXSourcesBuildPhase section */

/* Begin XCBuildConfiguration section */
		84ABD5E31C795578008FBB89 /* Debug */ = {
			isa = XCBuildConfiguration;
			buildSettings = {
				ALWAYS_SEARCH_USER_PATHS = NO;
				CLANG_CXX_LANGUAGE_STANDARD = "gnu++0x";
				CLANG_CXX_LIBRARY = "libc++";
				CLANG_ENABLE_MODULES = YES;
				CLANG_ENABLE_OBJC_ARC = YES;
				CLANG_WARN_BOOL_CONVERSION = YES;
				CLANG_WARN_CONSTANT_CONVERSION = YES;
				CLANG_WARN_DIRECT_OBJC_ISA_USAGE = YES_ERROR;
				CLANG_WARN_EMPTY_BODY = YES;
				CLANG_WARN_ENUM_CONVERSION = YES;
				CLANG_WARN_INT_CONVERSION = YES;
				CLANG_WARN_OBJC_ROOT_CLASS = YES_ERROR;
				CLANG_WARN_UNREACHABLE_CODE = YES;
				CLANG_WARN__DUPLICATE_METHOD_MATCH = YES;
				CODE_SIGN_IDENTITY = "-";
				COPY_PHASE_STRIP = NO;
				DEBUG_INFORMATION_FORMAT = dwarf;
				ENABLE_STRICT_OBJC_MSGSEND = YES;
				ENABLE_TESTABILITY = YES;
				GCC_C_LANGUAGE_STANDARD = gnu99;
				GCC_DYNAMIC_NO_PIC = NO;
				GCC_NO_COMMON_BLOCKS = YES;
				GCC_OPTIMIZATION_LEVEL = 0;
				GCC_PREPROCESSOR_DEFINITIONS = (
					"DEBUG=1",
					"$(inherited)",
				);
				GCC_WARN_64_TO_32_BIT_CONVERSION = YES;
				GCC_WARN_ABOUT_RETURN_TYPE = YES_ERROR;
				GCC_WARN_UNDECLARED_SELECTOR = YES;
				GCC_WARN_UNINITIALIZED_AUTOS = YES_AGGRESSIVE;
				GCC_WARN_UNUSED_FUNCTION = YES;
				GCC_WARN_UNUSED_VARIABLE = YES;
				MACOSX_DEPLOYMENT_TARGET = 10.11;
				MTL_ENABLE_DEBUG_INFO = YES;
				ONLY_ACTIVE_ARCH = YES;
				SDKROOT = macosx;
			};
			name = Debug;
		};
		84ABD5E41C795578008FBB89 /* Release */ = {
			isa = XCBuildConfiguration;
			buildSettings = {
				ALWAYS_SEARCH_USER_PATHS = NO;
				CLANG_CXX_LANGUAGE_STANDARD = "gnu++0x";
				CLANG_CXX_LIBRARY = "libc++";
				CLANG_ENABLE_MODULES = YES;
				CLANG_ENABLE_OBJC_ARC = YES;
				CLANG_WARN_BOOL_CONVERSION = YES;
				CLANG_WARN_CONSTANT_CONVERSION = YES;
				CLANG_WARN_DIRECT_OBJC_ISA_USAGE = YES_ERROR;
				CLANG_WARN_EMPTY_BODY = YES;
				CLANG_WARN_ENUM_CONVERSION = YES;
				CLANG_WARN_INT_CONVERSION = YES;
				CLANG_WARN_OBJC_ROOT_CLASS = YES_ERROR;
				CLANG_WARN_UNREACHABLE_CODE = YES;
				CLANG_WARN__DUPLICATE_METHOD_MATCH = YES;
				CODE_SIGN_IDENTITY = "-";
				COPY_PHASE_STRIP = NO;
				DEBUG_INFORMATION_FORMAT = "dwarf-with-dsym";
				ENABLE_NS_ASSERTIONS = NO;
				ENABLE_STRICT_OBJC_MSGSEND = YES;
				GCC_C_LANGUAGE_STANDARD = gnu99;
				GCC_NO_COMMON_BLOCKS = YES;
				GCC_WARN_64_TO_32_BIT_CONVERSION = YES;
				GCC_WARN_ABOUT_RETURN_TYPE = YES_ERROR;
				GCC_WARN_UNDECLARED_SELECTOR = YES;
				GCC_WARN_UNINITIALIZED_AUTOS = YES_AGGRESSIVE;
				GCC_WARN_UNUSED_FUNCTION = YES;
				GCC_WARN_UNUSED_VARIABLE = YES;
				MACOSX_DEPLOYMENT_TARGET = 10.11;
				MTL_ENABLE_DEBUG_INFO = NO;
				SDKROOT = macosx;
			};
			name = Release;
		};
		84ABD5E61C795578008FBB89 /* Debug */ = {
			isa = XCBuildConfiguration;
			buildSettings = {
				PRODUCT_NAME = "$(TARGET_NAME)";
			};
			name = Debug;
		};
		84ABD5E71C795578008FBB89 /* Release */ = {
			isa = XCBuildConfiguration;
			buildSettings = {
				PRODUCT_NAME = "$(TARGET_NAME)";
			};
			name = Release;
		};
/* End XCBuildConfiguration section */

/* Begin XCConfigurationList section */
		84ABD5D91C795578008FBB89 /* Build configuration list for PBXProject "skeet2" */ = {
			isa = XCConfigurationList;
			buildConfigurations = (
				84ABD5E31C795578008FBB89 /* Debug */,
				84ABD5E41C795578008FBB89 /* Release */,
			);
			defaultConfigurationIsVisible = 0;
			defaultConfigurationName = Release;
		};
		84ABD5E51C795578008FBB89 /* Build configuration list for PBXNativeTarget "skeet2" */ = {
			isa = XCConfigurationList;
			buildConfigurations = (
				84ABD5E61C795578008FBB89 /* Debug */,
				84ABD5E71C795578008FBB89 /* Release */,
			);
			defaultConfigurationIsVisible = 0;
		};
/* End XCConfigurationList section */
	};
	rootObject = 84ABD5D61C795578008FBB89 /* Project object */;
}
